
Microsoft Visual Studio Solution File, Format Version 12.00
# Visual Studio 15
VisualStudioVersion = 15.0.26430.15
MinimumVisualStudioVersion = 10.0.40219.1
Project("{E24C65DC-7377-472B-9ABA-BC803B73C61A}") = "WebSite1(2)", "E:\160905087\WebSite1\", "{22AFA9D2-7A25-42E8-9135-6D579C870AFC}"
	ProjectSection(WebsiteProperties) = preProject
		TargetFrameworkMoniker = ".NETFramework,Version%3Dv4.5.2"
		Debug.AspNetCompiler.VirtualPath = "/localhost_54007"
		Debug.AspNetCompiler.PhysicalPath = "E:\160905087\WebSite1\"
		Debug.AspNetCompiler.TargetPath = "PrecompiledWeb\localhost_54007\"
		Debug.AspNetCompiler.Updateable = "true"
		Debug.AspNetCompiler.ForceOverwrite = "true"
		Debug.AspNetCompiler.FixedNames = "false"
		Debug.AspNetCompiler.Debug = "True"
		Release.AspNetCompiler.VirtualPath = "/localhost_54007"
		Release.AspNetCompiler.PhysicalPath = "E:\160905087\WebSite1\"
		Release.AspNetCompiler.TargetPath = "PrecompiledWeb\localhost_54007\"
		Release.AspNetCompiler.Updateable = "true"
		Release.AspNetCompiler.ForceOverwrite = "true"
		Release.AspNetCompiler.FixedNames = "false"
		Release.AspNetCompiler.Debug = "False"
		VWDPort = "54007"
		SlnRelativePath = "E:\160905087\WebSite1\"
		DefaultWebSiteLanguage = "Visual C#"
	EndProjectSection
EndProject
Global
	GlobalSection(SolutionConfigurationPlatforms) = preSolution
		Debug|Any CPU = Debug|Any CPU
	EndGlobalSection
	GlobalSection(ProjectConfigurationPlatforms) = postSolution
		{22AFA9D2-7A25-42E8-9135-6D579C870AFC}.Debug|Any CPU.ActiveCfg = Debug|Any CPU
		{22AFA9D2-7A25-42E8-9135-6D579C870AFC}.Debug|Any CPU.Build.0 = Debug|Any CPU
	EndGlobalSection
	GlobalSection(SolutionProperties) = preSolution
		HideSolutionNode = FALSE
	EndGlobalSection
EndGlobal
